
Microsoft Visual Studio Solution File, Format Version 12.00
# Visual Studio Version 17
VisualStudioVersion = 17.0.31903.59
MinimumVisualStudioVersion = 10.0.40219.1
Project("{FAE04EC0-301F-11D3-BF4B-00C04F79EFBC}") = "UniversityMVC.Core", "UniversityMVC.Core\UniversityMVC.Core.csproj", "{99239CB2-D4E6-4FC7-85FB-E555D64D8BB3}"
EndProject
Project("{FAE04EC0-301F-11D3-BF4B-00C04F79EFBC}") = "UniversityMVC.Infrastructure", "UniversityMVC.Infrastructure\UniversityMVC.Infrastructure.csproj", "{D933DB44-3F20-4A64-B4B4-71C58332439E}"
EndProject
Project("{FAE04EC0-301F-11D3-BF4B-00C04F79EFBC}") = "UniversityMVC.Presentation", "UniversityMVC.Presentation\UniversityMVC.Presentation.csproj", "{8AC3E075-7D9D-4304-B663-78FED5C607AF}"
EndProject
Global
	GlobalSection(SolutionConfigurationPlatforms) = preSolution
		Debug|Any CPU = Debug|Any CPU
		Release|Any CPU = Release|Any CPU
	EndGlobalSection
	GlobalSection(SolutionProperties) = preSolution
		HideSolutionNode = FALSE
	EndGlobalSection
	GlobalSection(ProjectConfigurationPlatforms) = postSolution
		{99239CB2-D4E6-4FC7-85FB-E555D64D8BB3}.Debug|Any CPU.ActiveCfg = Debug|Any CPU
		{99239CB2-D4E6-4FC7-85FB-E555D64D8BB3}.Debug|Any CPU.Build.0 = Debug|Any CPU
		{99239CB2-D4E6-4FC7-85FB-E555D64D8BB3}.Release|Any CPU.ActiveCfg = Release|Any CPU
		{99239CB2-D4E6-4FC7-85FB-E555D64D8BB3}.Release|Any CPU.Build.0 = Release|Any CPU
		{D933DB44-3F20-4A64-B4B4-71C58332439E}.Debug|Any CPU.ActiveCfg = Debug|Any CPU
		{D933DB44-3F20-4A64-B4B4-71C58332439E}.Debug|Any CPU.Build.0 = Debug|Any CPU
		{D933DB44-3F20-4A64-B4B4-71C58332439E}.Release|Any CPU.ActiveCfg = Release|Any CPU
		{D933DB44-3F20-4A64-B4B4-71C58332439E}.Release|Any CPU.Build.0 = Release|Any CPU
		{8AC3E075-7D9D-4304-B663-78FED5C607AF}.Debug|Any CPU.ActiveCfg = Debug|Any CPU
		{8AC3E075-7D9D-4304-B663-78FED5C607AF}.Debug|Any CPU.Build.0 = Debug|Any CPU
		{8AC3E075-7D9D-4304-B663-78FED5C607AF}.Release|Any CPU.ActiveCfg = Release|Any CPU
		{8AC3E075-7D9D-4304-B663-78FED5C607AF}.Release|Any CPU.Build.0 = Release|Any CPU
	EndGlobalSection
EndGlobal
